
Microsoft Visual Studio Solution File, Format Version 12.00
# Visual Studio Version 16
VisualStudioVersion = 16.0.28803.202
MinimumVisualStudioVersion = 10.0.40219.1
Project("{2150E333-8FDC-42A3-9474-1A3956D46DE8}") = "1-Loca.Domain", "1-Loca.Domain", "{624C70A8-10F4-4996-B62B-C97C6C033AEE}"
EndProject
Project("{2150E333-8FDC-42A3-9474-1A3956D46DE8}") = "2-Loca.Shared", "2-Loca.Shared", "{BF1E4027-AFB3-4637-9860-1CF5C7B7E1A9}"
EndProject
Project("{2150E333-8FDC-42A3-9474-1A3956D46DE8}") = "3-Loca.Infra", "3-Loca.Infra", "{C76638E2-D6D0-438E-BA87-13B140C168D2}"
EndProject
Project("{2150E333-8FDC-42A3-9474-1A3956D46DE8}") = "4-Loca.Presentation", "4-Loca.Presentation", "{3D34502C-FC63-4A55-A472-7ACF9A66B2A5}"
EndProject
Project("{2150E333-8FDC-42A3-9474-1A3956D46DE8}") = "5-Loca.Tests", "5-Loca.Tests", "{552B533F-00B5-445B-AE9A-2902725DE659}"
EndProject
Project("{9A19103F-16F7-4668-BE54-9A1E7A4F7556}") = "Loca.Tests", "Loca.Tests\Loca.Tests.csproj", "{94B53E9A-A4D1-4429-9BA6-B02C9C17FCC5}"
EndProject
Project("{9A19103F-16F7-4668-BE54-9A1E7A4F7556}") = "Loca.Shared", "Loca.Shared\Loca.Shared.csproj", "{F4923333-E324-42F9-A85A-387B95B011CB}"
EndProject
Project("{9A19103F-16F7-4668-BE54-9A1E7A4F7556}") = "Loca.Domain", "Loca.Domain\Loca.Domain.csproj", "{133E3ACD-E82B-4BB9-8647-C384F0347294}"
EndProject
Project("{FAE04EC0-301F-11D3-BF4B-00C04F79EFBC}") = "Loca.Infra", "Loca.Infra\Loca.Infra.csproj", "{CD43814C-90EB-4ED8-A2F2-C691CBB0216D}"
EndProject
Project("{FAE04EC0-301F-11D3-BF4B-00C04F79EFBC}") = "Loca.Web", "Loca.Web\Loca.Web.csproj", "{7A1ADF78-460C-4227-B4D4-69FBB2CCAE89}"
EndProject
Global
	GlobalSection(SolutionConfigurationPlatforms) = preSolution
		Debug|Any CPU = Debug|Any CPU
		Release|Any CPU = Release|Any CPU
	EndGlobalSection
	GlobalSection(ProjectConfigurationPlatforms) = postSolution
		{94B53E9A-A4D1-4429-9BA6-B02C9C17FCC5}.Debug|Any CPU.ActiveCfg = Debug|Any CPU
		{94B53E9A-A4D1-4429-9BA6-B02C9C17FCC5}.Debug|Any CPU.Build.0 = Debug|Any CPU
		{94B53E9A-A4D1-4429-9BA6-B02C9C17FCC5}.Release|Any CPU.ActiveCfg = Release|Any CPU
		{94B53E9A-A4D1-4429-9BA6-B02C9C17FCC5}.Release|Any CPU.Build.0 = Release|Any CPU
		{F4923333-E324-42F9-A85A-387B95B011CB}.Debug|Any CPU.ActiveCfg = Debug|Any CPU
		{F4923333-E324-42F9-A85A-387B95B011CB}.Debug|Any CPU.Build.0 = Debug|Any CPU
		{F4923333-E324-42F9-A85A-387B95B011CB}.Release|Any CPU.ActiveCfg = Release|Any CPU
		{F4923333-E324-42F9-A85A-387B95B011CB}.Release|Any CPU.Build.0 = Release|Any CPU
		{133E3ACD-E82B-4BB9-8647-C384F0347294}.Debug|Any CPU.ActiveCfg = Debug|Any CPU
		{133E3ACD-E82B-4BB9-8647-C384F0347294}.Debug|Any CPU.Build.0 = Debug|Any CPU
		{133E3ACD-E82B-4BB9-8647-C384F0347294}.Release|Any CPU.ActiveCfg = Release|Any CPU
		{133E3ACD-E82B-4BB9-8647-C384F0347294}.Release|Any CPU.Build.0 = Release|Any CPU
		{CD43814C-90EB-4ED8-A2F2-C691CBB0216D}.Debug|Any CPU.ActiveCfg = Debug|Any CPU
		{CD43814C-90EB-4ED8-A2F2-C691CBB0216D}.Debug|Any CPU.Build.0 = Debug|Any CPU
		{CD43814C-90EB-4ED8-A2F2-C691CBB0216D}.Release|Any CPU.ActiveCfg = Release|Any CPU
		{CD43814C-90EB-4ED8-A2F2-C691CBB0216D}.Release|Any CPU.Build.0 = Release|Any CPU
		{7A1ADF78-460C-4227-B4D4-69FBB2CCAE89}.Debug|Any CPU.ActiveCfg = Debug|Any CPU
		{7A1ADF78-460C-4227-B4D4-69FBB2CCAE89}.Debug|Any CPU.Build.0 = Debug|Any CPU
		{7A1ADF78-460C-4227-B4D4-69FBB2CCAE89}.Release|Any CPU.ActiveCfg = Release|Any CPU
		{7A1ADF78-460C-4227-B4D4-69FBB2CCAE89}.Release|Any CPU.Build.0 = Release|Any CPU
	EndGlobalSection
	GlobalSection(SolutionProperties) = preSolution
		HideSolutionNode = FALSE
	EndGlobalSection
	GlobalSection(NestedProjects) = preSolution
		{94B53E9A-A4D1-4429-9BA6-B02C9C17FCC5} = {552B533F-00B5-445B-AE9A-2902725DE659}
		{F4923333-E324-42F9-A85A-387B95B011CB} = {BF1E4027-AFB3-4637-9860-1CF5C7B7E1A9}
		{133E3ACD-E82B-4BB9-8647-C384F0347294} = {624C70A8-10F4-4996-B62B-C97C6C033AEE}
		{CD43814C-90EB-4ED8-A2F2-C691CBB0216D} = {C76638E2-D6D0-438E-BA87-13B140C168D2}
		{7A1ADF78-460C-4227-B4D4-69FBB2CCAE89} = {3D34502C-FC63-4A55-A472-7ACF9A66B2A5}
	EndGlobalSection
	GlobalSection(ExtensibilityGlobals) = postSolution
		SolutionGuid = {BE20196F-4FC7-4E4C-93E1-C37FA1EB5CED}
	EndGlobalSection
EndGlobal
